
Microsoft Visual Studio Solution File, Format Version 12.00
# Visual Studio Version 16
VisualStudioVersion = 16.0.30114.105
MinimumVisualStudioVersion = 10.0.40219.1
Project("{2150E333-8FDC-42A3-9474-1A3956D46DE8}") = "src", "src", "{AED233F5-9FF5-47AD-9B94-EACFE19D262B}"
EndProject
Project("{FAE04EC0-301F-11D3-BF4B-00C04F79EFBC}") = "DwFramework.Core", "src\DwFramework.Core\DwFramework.Core.csproj", "{7098BF84-527E-4898-A2E5-4B3F67AB4DE0}"
EndProject
Project("{FAE04EC0-301F-11D3-BF4B-00C04F79EFBC}") = "DwFramework.Web", "src\DwFramework.Web\DwFramework.Web.csproj", "{7F694086-8A7C-427A-8D07-9DB8A6BFC397}"
EndProject
Project("{2150E333-8FDC-42A3-9474-1A3956D46DE8}") = "test", "test", "{49ED2462-3024-4540-8D21-96E3311D4789}"
EndProject
Project("{FAE04EC0-301F-11D3-BF4B-00C04F79EFBC}") = "Core.Tests", "test\Core.Tests\Core.Tests.csproj", "{344988B6-BC9A-4A4D-ACEB-E0BFE5BE60F5}"
EndProject
Project("{FAE04EC0-301F-11D3-BF4B-00C04F79EFBC}") = "DwFramework.Templates", "src\DwFramework.Templates\DwFramework.Templates.csproj", "{E53A8A40-D1DD-4065-A09C-F0EA46635C13}"
EndProject
Project("{2150E333-8FDC-42A3-9474-1A3956D46DE8}") = "util", "util", "{C17BF392-2023-4C85-BEF5-5DB89641D2B5}"
EndProject
Project("{FAE04EC0-301F-11D3-BF4B-00C04F79EFBC}") = "NugetBuilder", "util\NugetBuilder\NugetBuilder.csproj", "{DA7396A6-7EA5-430C-802A-06B7BF96F8B6}"
EndProject
Project("{2150E333-8FDC-42A3-9474-1A3956D46DE8}") = "template", "template", "{6FEE3C2C-6ABB-4EC1-A602-E094DA60DD40}"
EndProject
Project("{FAE04EC0-301F-11D3-BF4B-00C04F79EFBC}") = "SimpleConsole", "template\SimpleConsole\SimpleConsole.csproj", "{806FCB5E-F1B7-4029-A227-EA84BEB2920F}"
EndProject
Project("{FAE04EC0-301F-11D3-BF4B-00C04F79EFBC}") = "DwFramework.Extensions", "src\DwFramework.Extensions\DwFramework.Extensions.csproj", "{B2A0771F-2BDD-4EBB-835F-37CD997B8C61}"
EndProject
Project("{2150E333-8FDC-42A3-9474-1A3956D46DE8}") = "example", "example", "{B262909B-A055-4027-AABE-6557FA08114D}"
EndProject
Project("{FAE04EC0-301F-11D3-BF4B-00C04F79EFBC}") = "SimpleDependencyInjection", "example\SimpleDependencyInjection\SimpleDependencyInjection.csproj", "{B1C057CA-DABE-4E4B-85CB-9A7952C6DCD2}"
EndProject
Project("{FAE04EC0-301F-11D3-BF4B-00C04F79EFBC}") = "UseNLog", "example\UseNLog\UseNLog.csproj", "{187DE642-806B-40EF-A241-A34F50DB8A69}"
EndProject
Project("{FAE04EC0-301F-11D3-BF4B-00C04F79EFBC}") = "DwFramework.EntityFrameworkCore", "src\DwFramework.EntityFrameworkCore\DwFramework.EntityFrameworkCore.csproj", "{154F3A11-78E0-4BAA-965D-9645136BE26E}"
EndProject
Global
	GlobalSection(SolutionConfigurationPlatforms) = preSolution
		Debug|Any CPU = Debug|Any CPU
		Debug|x64 = Debug|x64
		Debug|x86 = Debug|x86
		Release|Any CPU = Release|Any CPU
		Release|x64 = Release|x64
		Release|x86 = Release|x86
	EndGlobalSection
	GlobalSection(SolutionProperties) = preSolution
		HideSolutionNode = FALSE
	EndGlobalSection
	GlobalSection(ProjectConfigurationPlatforms) = postSolution
		{7098BF84-527E-4898-A2E5-4B3F67AB4DE0}.Debug|Any CPU.ActiveCfg = Debug|Any CPU
		{7098BF84-527E-4898-A2E5-4B3F67AB4DE0}.Debug|Any CPU.Build.0 = Debug|Any CPU
		{7098BF84-527E-4898-A2E5-4B3F67AB4DE0}.Debug|x64.ActiveCfg = Debug|Any CPU
		{7098BF84-527E-4898-A2E5-4B3F67AB4DE0}.Debug|x64.Build.0 = Debug|Any CPU
		{7098BF84-527E-4898-A2E5-4B3F67AB4DE0}.Debug|x86.ActiveCfg = Debug|Any CPU
		{7098BF84-527E-4898-A2E5-4B3F67AB4DE0}.Debug|x86.Build.0 = Debug|Any CPU
		{7098BF84-527E-4898-A2E5-4B3F67AB4DE0}.Release|Any CPU.ActiveCfg = Release|Any CPU
		{7098BF84-527E-4898-A2E5-4B3F67AB4DE0}.Release|Any CPU.Build.0 = Release|Any CPU
		{7098BF84-527E-4898-A2E5-4B3F67AB4DE0}.Release|x64.ActiveCfg = Release|Any CPU
		{7098BF84-527E-4898-A2E5-4B3F67AB4DE0}.Release|x64.Build.0 = Release|Any CPU
		{7098BF84-527E-4898-A2E5-4B3F67AB4DE0}.Release|x86.ActiveCfg = Release|Any CPU
		{7098BF84-527E-4898-A2E5-4B3F67AB4DE0}.Release|x86.Build.0 = Release|Any CPU
		{7F694086-8A7C-427A-8D07-9DB8A6BFC397}.Debug|Any CPU.ActiveCfg = Debug|Any CPU
		{7F694086-8A7C-427A-8D07-9DB8A6BFC397}.Debug|Any CPU.Build.0 = Debug|Any CPU
		{7F694086-8A7C-427A-8D07-9DB8A6BFC397}.Debug|x64.ActiveCfg = Debug|Any CPU
		{7F694086-8A7C-427A-8D07-9DB8A6BFC397}.Debug|x64.Build.0 = Debug|Any CPU
		{7F694086-8A7C-427A-8D07-9DB8A6BFC397}.Debug|x86.ActiveCfg = Debug|Any CPU
		{7F694086-8A7C-427A-8D07-9DB8A6BFC397}.Debug|x86.Build.0 = Debug|Any CPU
		{7F694086-8A7C-427A-8D07-9DB8A6BFC397}.Release|Any CPU.ActiveCfg = Release|Any CPU
		{7F694086-8A7C-427A-8D07-9DB8A6BFC397}.Release|Any CPU.Build.0 = Release|Any CPU
		{7F694086-8A7C-427A-8D07-9DB8A6BFC397}.Release|x64.ActiveCfg = Release|Any CPU
		{7F694086-8A7C-427A-8D07-9DB8A6BFC397}.Release|x64.Build.0 = Release|Any CPU
		{7F694086-8A7C-427A-8D07-9DB8A6BFC397}.Release|x86.ActiveCfg = Release|Any CPU
		{7F694086-8A7C-427A-8D07-9DB8A6BFC397}.Release|x86.Build.0 = Release|Any CPU
		{344988B6-BC9A-4A4D-ACEB-E0BFE5BE60F5}.Debug|Any CPU.ActiveCfg = Debug|Any CPU
		{344988B6-BC9A-4A4D-ACEB-E0BFE5BE60F5}.Debug|Any CPU.Build.0 = Debug|Any CPU
		{344988B6-BC9A-4A4D-ACEB-E0BFE5BE60F5}.Debug|x64.ActiveCfg = Debug|Any CPU
		{344988B6-BC9A-4A4D-ACEB-E0BFE5BE60F5}.Debug|x64.Build.0 = Debug|Any CPU
		{344988B6-BC9A-4A4D-ACEB-E0BFE5BE60F5}.Debug|x86.ActiveCfg = Debug|Any CPU
		{344988B6-BC9A-4A4D-ACEB-E0BFE5BE60F5}.Debug|x86.Build.0 = Debug|Any CPU
		{344988B6-BC9A-4A4D-ACEB-E0BFE5BE60F5}.Release|Any CPU.ActiveCfg = Release|Any CPU
		{344988B6-BC9A-4A4D-ACEB-E0BFE5BE60F5}.Release|Any CPU.Build.0 = Release|Any CPU
		{344988B6-BC9A-4A4D-ACEB-E0BFE5BE60F5}.Release|x64.ActiveCfg = Release|Any CPU
		{344988B6-BC9A-4A4D-ACEB-E0BFE5BE60F5}.Release|x64.Build.0 = Release|Any CPU
		{344988B6-BC9A-4A4D-ACEB-E0BFE5BE60F5}.Release|x86.ActiveCfg = Release|Any CPU
		{344988B6-BC9A-4A4D-ACEB-E0BFE5BE60F5}.Release|x86.Build.0 = Release|Any CPU
		{E53A8A40-D1DD-4065-A09C-F0EA46635C13}.Debug|Any CPU.ActiveCfg = Debug|Any CPU
		{E53A8A40-D1DD-4065-A09C-F0EA46635C13}.Debug|Any CPU.Build.0 = Debug|Any CPU
		{E53A8A40-D1DD-4065-A09C-F0EA46635C13}.Debug|x64.ActiveCfg = Debug|Any CPU
		{E53A8A40-D1DD-4065-A09C-F0EA46635C13}.Debug|x64.Build.0 = Debug|Any CPU
		{E53A8A40-D1DD-4065-A09C-F0EA46635C13}.Debug|x86.ActiveCfg = Debug|Any CPU
		{E53A8A40-D1DD-4065-A09C-F0EA46635C13}.Debug|x86.Build.0 = Debug|Any CPU
		{E53A8A40-D1DD-4065-A09C-F0EA46635C13}.Release|Any CPU.ActiveCfg = Release|Any CPU
		{E53A8A40-D1DD-4065-A09C-F0EA46635C13}.Release|Any CPU.Build.0 = Release|Any CPU
		{E53A8A40-D1DD-4065-A09C-F0EA46635C13}.Release|x64.ActiveCfg = Release|Any CPU
		{E53A8A40-D1DD-4065-A09C-F0EA46635C13}.Release|x64.Build.0 = Release|Any CPU
		{E53A8A40-D1DD-4065-A09C-F0EA46635C13}.Release|x86.ActiveCfg = Release|Any CPU
		{E53A8A40-D1DD-4065-A09C-F0EA46635C13}.Release|x86.Build.0 = Release|Any CPU
		{DA7396A6-7EA5-430C-802A-06B7BF96F8B6}.Debug|Any CPU.ActiveCfg = Debug|Any CPU
		{DA7396A6-7EA5-430C-802A-06B7BF96F8B6}.Debug|Any CPU.Build.0 = Debug|Any CPU
		{DA7396A6-7EA5-430C-802A-06B7BF96F8B6}.Debug|x64.ActiveCfg = Debug|Any CPU
		{DA7396A6-7EA5-430C-802A-06B7BF96F8B6}.Debug|x64.Build.0 = Debug|Any CPU
		{DA7396A6-7EA5-430C-802A-06B7BF96F8B6}.Debug|x86.ActiveCfg = Debug|Any CPU
		{DA7396A6-7EA5-430C-802A-06B7BF96F8B6}.Debug|x86.Build.0 = Debug|Any CPU
		{DA7396A6-7EA5-430C-802A-06B7BF96F8B6}.Release|Any CPU.ActiveCfg = Release|Any CPU
		{DA7396A6-7EA5-430C-802A-06B7BF96F8B6}.Release|Any CPU.Build.0 = Release|Any CPU
		{DA7396A6-7EA5-430C-802A-06B7BF96F8B6}.Release|x64.ActiveCfg = Release|Any CPU
		{DA7396A6-7EA5-430C-802A-06B7BF96F8B6}.Release|x64.Build.0 = Release|Any CPU
		{DA7396A6-7EA5-430C-802A-06B7BF96F8B6}.Release|x86.ActiveCfg = Release|Any CPU
		{DA7396A6-7EA5-430C-802A-06B7BF96F8B6}.Release|x86.Build.0 = Release|Any CPU
		{806FCB5E-F1B7-4029-A227-EA84BEB2920F}.Debug|Any CPU.ActiveCfg = Debug|Any CPU
		{806FCB5E-F1B7-4029-A227-EA84BEB2920F}.Debug|Any CPU.Build.0 = Debug|Any CPU
		{806FCB5E-F1B7-4029-A227-EA84BEB2920F}.Debug|x64.ActiveCfg = Debug|Any CPU
		{806FCB5E-F1B7-4029-A227-EA84BEB2920F}.Debug|x64.Build.0 = Debug|Any CPU
		{806FCB5E-F1B7-4029-A227-EA84BEB2920F}.Debug|x86.ActiveCfg = Debug|Any CPU
		{806FCB5E-F1B7-4029-A227-EA84BEB2920F}.Debug|x86.Build.0 = Debug|Any CPU
		{806FCB5E-F1B7-4029-A227-EA84BEB2920F}.Release|Any CPU.ActiveCfg = Release|Any CPU
		{806FCB5E-F1B7-4029-A227-EA84BEB2920F}.Release|Any CPU.Build.0 = Release|Any CPU
		{806FCB5E-F1B7-4029-A227-EA84BEB2920F}.Release|x64.ActiveCfg = Release|Any CPU
		{806FCB5E-F1B7-4029-A227-EA84BEB2920F}.Release|x64.Build.0 = Release|Any CPU
		{806FCB5E-F1B7-4029-A227-EA84BEB2920F}.Release|x86.ActiveCfg = Release|Any CPU
		{806FCB5E-F1B7-4029-A227-EA84BEB2920F}.Release|x86.Build.0 = Release|Any CPU
		{B2A0771F-2BDD-4EBB-835F-37CD997B8C61}.Debug|Any CPU.ActiveCfg = Debug|Any CPU
		{B2A0771F-2BDD-4EBB-835F-37CD997B8C61}.Debug|Any CPU.Build.0 = Debug|Any CPU
		{B2A0771F-2BDD-4EBB-835F-37CD997B8C61}.Debug|x64.ActiveCfg = Debug|Any CPU
		{B2A0771F-2BDD-4EBB-835F-37CD997B8C61}.Debug|x64.Build.0 = Debug|Any CPU
		{B2A0771F-2BDD-4EBB-835F-37CD997B8C61}.Debug|x86.ActiveCfg = Debug|Any CPU
		{B2A0771F-2BDD-4EBB-835F-37CD997B8C61}.Debug|x86.Build.0 = Debug|Any CPU
		{B2A0771F-2BDD-4EBB-835F-37CD997B8C61}.Release|Any CPU.ActiveCfg = Release|Any CPU
		{B2A0771F-2BDD-4EBB-835F-37CD997B8C61}.Release|Any CPU.Build.0 = Release|Any CPU
		{B2A0771F-2BDD-4EBB-835F-37CD997B8C61}.Release|x64.ActiveCfg = Release|Any CPU
		{B2A0771F-2BDD-4EBB-835F-37CD997B8C61}.Release|x64.Build.0 = Release|Any CPU
		{B2A0771F-2BDD-4EBB-835F-37CD997B8C61}.Release|x86.ActiveCfg = Release|Any CPU
		{B2A0771F-2BDD-4EBB-835F-37CD997B8C61}.Release|x86.Build.0 = Release|Any CPU
		{B1C057CA-DABE-4E4B-85CB-9A7952C6DCD2}.Debug|Any CPU.ActiveCfg = Debug|Any CPU
		{B1C057CA-DABE-4E4B-85CB-9A7952C6DCD2}.Debug|Any CPU.Build.0 = Debug|Any CPU
		{B1C057CA-DABE-4E4B-85CB-9A7952C6DCD2}.Debug|x64.ActiveCfg = Debug|Any CPU
		{B1C057CA-DABE-4E4B-85CB-9A7952C6DCD2}.Debug|x64.Build.0 = Debug|Any CPU
		{B1C057CA-DABE-4E4B-85CB-9A7952C6DCD2}.Debug|x86.ActiveCfg = Debug|Any CPU
		{B1C057CA-DABE-4E4B-85CB-9A7952C6DCD2}.Debug|x86.Build.0 = Debug|Any CPU
		{B1C057CA-DABE-4E4B-85CB-9A7952C6DCD2}.Release|Any CPU.ActiveCfg = Release|Any CPU
		{B1C057CA-DABE-4E4B-85CB-9A7952C6DCD2}.Release|Any CPU.Build.0 = Release|Any CPU
		{B1C057CA-DABE-4E4B-85CB-9A7952C6DCD2}.Release|x64.ActiveCfg = Release|Any CPU
		{B1C057CA-DABE-4E4B-85CB-9A7952C6DCD2}.Release|x64.Build.0 = Release|Any CPU
		{B1C057CA-DABE-4E4B-85CB-9A7952C6DCD2}.Release|x86.ActiveCfg = Release|Any CPU
		{B1C057CA-DABE-4E4B-85CB-9A7952C6DCD2}.Release|x86.Build.0 = Release|Any CPU
		{187DE642-806B-40EF-A241-A34F50DB8A69}.Debug|Any CPU.ActiveCfg = Debug|Any CPU
		{187DE642-806B-40EF-A241-A34F50DB8A69}.Debug|Any CPU.Build.0 = Debug|Any CPU
		{187DE642-806B-40EF-A241-A34F50DB8A69}.Debug|x64.ActiveCfg = Debug|Any CPU
		{187DE642-806B-40EF-A241-A34F50DB8A69}.Debug|x64.Build.0 = Debug|Any CPU
		{187DE642-806B-40EF-A241-A34F50DB8A69}.Debug|x86.ActiveCfg = Debug|Any CPU
		{187DE642-806B-40EF-A241-A34F50DB8A69}.Debug|x86.Build.0 = Debug|Any CPU
		{187DE642-806B-40EF-A241-A34F50DB8A69}.Release|Any CPU.ActiveCfg = Release|Any CPU
		{187DE642-806B-40EF-A241-A34F50DB8A69}.Release|Any CPU.Build.0 = Release|Any CPU
		{187DE642-806B-40EF-A241-A34F50DB8A69}.Release|x64.ActiveCfg = Release|Any CPU
		{187DE642-806B-40EF-A241-A34F50DB8A69}.Release|x64.Build.0 = Release|Any CPU
		{187DE642-806B-40EF-A241-A34F50DB8A69}.Release|x86.ActiveCfg = Release|Any CPU
		{187DE642-806B-40EF-A241-A34F50DB8A69}.Release|x86.Build.0 = Release|Any CPU
		{154F3A11-78E0-4BAA-965D-9645136BE26E}.Debug|Any CPU.ActiveCfg = Debug|Any CPU
		{154F3A11-78E0-4BAA-965D-9645136BE26E}.Debug|Any CPU.Build.0 = Debug|Any CPU
		{154F3A11-78E0-4BAA-965D-9645136BE26E}.Debug|x64.ActiveCfg = Debug|Any CPU
		{154F3A11-78E0-4BAA-965D-9645136BE26E}.Debug|x64.Build.0 = Debug|Any CPU
		{154F3A11-78E0-4BAA-965D-9645136BE26E}.Debug|x86.ActiveCfg = Debug|Any CPU
		{154F3A11-78E0-4BAA-965D-9645136BE26E}.Debug|x86.Build.0 = Debug|Any CPU
		{154F3A11-78E0-4BAA-965D-9645136BE26E}.Release|Any CPU.ActiveCfg = Release|Any CPU
		{154F3A11-78E0-4BAA-965D-9645136BE26E}.Release|Any CPU.Build.0 = Release|Any CPU
		{154F3A11-78E0-4BAA-965D-9645136BE26E}.Release|x64.ActiveCfg = Release|Any CPU
		{154F3A11-78E0-4BAA-965D-9645136BE26E}.Release|x64.Build.0 = Release|Any CPU
		{154F3A11-78E0-4BAA-965D-9645136BE26E}.Release|x86.ActiveCfg = Release|Any CPU
		{154F3A11-78E0-4BAA-965D-9645136BE26E}.Release|x86.Build.0 = Release|Any CPU
	EndGlobalSection
	GlobalSection(NestedProjects) = preSolution
		{7098BF84-527E-4898-A2E5-4B3F67AB4DE0} = {AED233F5-9FF5-47AD-9B94-EACFE19D262B}
		{7F694086-8A7C-427A-8D07-9DB8A6BFC397} = {AED233F5-9FF5-47AD-9B94-EACFE19D262B}
		{344988B6-BC9A-4A4D-ACEB-E0BFE5BE60F5} = {49ED2462-3024-4540-8D21-96E3311D4789}
		{E53A8A40-D1DD-4065-A09C-F0EA46635C13} = {AED233F5-9FF5-47AD-9B94-EACFE19D262B}
		{DA7396A6-7EA5-430C-802A-06B7BF96F8B6} = {C17BF392-2023-4C85-BEF5-5DB89641D2B5}
		{806FCB5E-F1B7-4029-A227-EA84BEB2920F} = {6FEE3C2C-6ABB-4EC1-A602-E094DA60DD40}
		{B2A0771F-2BDD-4EBB-835F-37CD997B8C61} = {AED233F5-9FF5-47AD-9B94-EACFE19D262B}
		{B1C057CA-DABE-4E4B-85CB-9A7952C6DCD2} = {B262909B-A055-4027-AABE-6557FA08114D}
		{187DE642-806B-40EF-A241-A34F50DB8A69} = {B262909B-A055-4027-AABE-6557FA08114D}
		{154F3A11-78E0-4BAA-965D-9645136BE26E} = {AED233F5-9FF5-47AD-9B94-EACFE19D262B}
	EndGlobalSection
EndGlobal
