
Microsoft Visual Studio Solution File, Format Version 12.00
# Visual Studio Version 16
VisualStudioVersion = 16.0.30114.105
MinimumVisualStudioVersion = 10.0.40219.1
Project("{2150E333-8FDC-42A3-9474-1A3956D46DE8}") = "example", "example", "{C3207862-A125-40F9-9B9A-843A5146F4A8}"
EndProject
Project("{FAE04EC0-301F-11D3-BF4B-00C04F79EFBC}") = "CoreExample", "example\CoreExample\CoreExample.csproj", "{179092A6-D295-4208-B629-C15DBCD62BAE}"
EndProject
Project("{FAE04EC0-301F-11D3-BF4B-00C04F79EFBC}") = "QuartzExample", "example\QuartzExample\QuartzExample.csproj", "{6437E822-4AB5-4B06-AD62-4910A8DC0819}"
EndProject
Project("{2150E333-8FDC-42A3-9474-1A3956D46DE8}") = "src", "src", "{AED233F5-9FF5-47AD-9B94-EACFE19D262B}"
EndProject
Project("{FAE04EC0-301F-11D3-BF4B-00C04F79EFBC}") = "DwFramework.Core", "src\DwFramework.Core\DwFramework.Core.csproj", "{7098BF84-527E-4898-A2E5-4B3F67AB4DE0}"
EndProject
Project("{FAE04EC0-301F-11D3-BF4B-00C04F79EFBC}") = "DwFramework.TensorFlow", "src\DwFramework.TensorFlow\DwFramework.TensorFlow.csproj", "{A0ADDFF3-8C66-4558-8EDD-C84BE37015C3}"
EndProject
Project("{FAE04EC0-301F-11D3-BF4B-00C04F79EFBC}") = "DwFramework.Quartz", "src\DwFramework.Quartz\DwFramework.Quartz.csproj", "{E7186949-D1A1-49B5-8B70-EC6A28E92036}"
EndProject
Project("{FAE04EC0-301F-11D3-BF4B-00C04F79EFBC}") = "DwFramework.RabbitMQ", "src\DwFramework.RabbitMQ\DwFramework.RabbitMQ.csproj", "{A37E1B3D-4018-4F94-BA83-891C81F24995}"
EndProject
Project("{FAE04EC0-301F-11D3-BF4B-00C04F79EFBC}") = "DwFramework.SqlSugar", "src\DwFramework.SqlSugar\DwFramework.SqlSugar.csproj", "{D4954F31-EA01-4E30-B442-91A348162068}"
EndProject
Project("{FAE04EC0-301F-11D3-BF4B-00C04F79EFBC}") = "DwFramework.Web", "src\DwFramework.Web\DwFramework.Web.csproj", "{7F694086-8A7C-427A-8D07-9DB8A6BFC397}"
EndProject
Project("{2150E333-8FDC-42A3-9474-1A3956D46DE8}") = "test", "test", "{49ED2462-3024-4540-8D21-96E3311D4789}"
EndProject
Project("{FAE04EC0-301F-11D3-BF4B-00C04F79EFBC}") = "Core.Tests", "test\Core.Tests\Core.Tests.csproj", "{344988B6-BC9A-4A4D-ACEB-E0BFE5BE60F5}"
EndProject
Project("{FAE04EC0-301F-11D3-BF4B-00C04F79EFBC}") = "RabbitMQExample", "example\RabbitMQExample\RabbitMQExample.csproj", "{A6162943-2266-4B2F-B069-1869AFCBCE7D}"
EndProject
Project("{FAE04EC0-301F-11D3-BF4B-00C04F79EFBC}") = "SqlSugarExample", "example\SqlSugarExample\SqlSugarExample.csproj", "{91D3FEB3-8C06-41E2-8FF2-42293B4CB69B}"
EndProject
Project("{FAE04EC0-301F-11D3-BF4B-00C04F79EFBC}") = "TensorFlowExample", "example\TensorFlowExample\TensorFlowExample.csproj", "{1D61EB93-D664-4527-90BF-C60C07C6C651}"
EndProject
Project("{FAE04EC0-301F-11D3-BF4B-00C04F79EFBC}") = "WebExample", "example\WebExample\WebExample.csproj", "{96F2C74B-FAC4-47F1-B0A3-C9B9814C0DA0}"
EndProject
Project("{FAE04EC0-301F-11D3-BF4B-00C04F79EFBC}") = "BuildTools", "src\BuildTools\BuildTools.csproj", "{2D3BC454-2C30-43FA-8E9E-9E2B13415123}"
EndProject
Project("{FAE04EC0-301F-11D3-BF4B-00C04F79EFBC}") = "DwFramework.Templates", "src\DwFramework.Templates\DwFramework.Templates.csproj", "{E53A8A40-D1DD-4065-A09C-F0EA46635C13}"
EndProject
Global
	GlobalSection(SolutionConfigurationPlatforms) = preSolution
		Debug|Any CPU = Debug|Any CPU
		Debug|x64 = Debug|x64
		Debug|x86 = Debug|x86
		Release|Any CPU = Release|Any CPU
		Release|x64 = Release|x64
		Release|x86 = Release|x86
	EndGlobalSection
	GlobalSection(SolutionProperties) = preSolution
		HideSolutionNode = FALSE
	EndGlobalSection
	GlobalSection(ProjectConfigurationPlatforms) = postSolution
		{179092A6-D295-4208-B629-C15DBCD62BAE}.Debug|Any CPU.ActiveCfg = Debug|Any CPU
		{179092A6-D295-4208-B629-C15DBCD62BAE}.Debug|Any CPU.Build.0 = Debug|Any CPU
		{179092A6-D295-4208-B629-C15DBCD62BAE}.Debug|x64.ActiveCfg = Debug|Any CPU
		{179092A6-D295-4208-B629-C15DBCD62BAE}.Debug|x64.Build.0 = Debug|Any CPU
		{179092A6-D295-4208-B629-C15DBCD62BAE}.Debug|x86.ActiveCfg = Debug|Any CPU
		{179092A6-D295-4208-B629-C15DBCD62BAE}.Debug|x86.Build.0 = Debug|Any CPU
		{179092A6-D295-4208-B629-C15DBCD62BAE}.Release|Any CPU.ActiveCfg = Release|Any CPU
		{179092A6-D295-4208-B629-C15DBCD62BAE}.Release|Any CPU.Build.0 = Release|Any CPU
		{179092A6-D295-4208-B629-C15DBCD62BAE}.Release|x64.ActiveCfg = Release|Any CPU
		{179092A6-D295-4208-B629-C15DBCD62BAE}.Release|x64.Build.0 = Release|Any CPU
		{179092A6-D295-4208-B629-C15DBCD62BAE}.Release|x86.ActiveCfg = Release|Any CPU
		{179092A6-D295-4208-B629-C15DBCD62BAE}.Release|x86.Build.0 = Release|Any CPU
		{6437E822-4AB5-4B06-AD62-4910A8DC0819}.Debug|Any CPU.ActiveCfg = Debug|Any CPU
		{6437E822-4AB5-4B06-AD62-4910A8DC0819}.Debug|Any CPU.Build.0 = Debug|Any CPU
		{6437E822-4AB5-4B06-AD62-4910A8DC0819}.Debug|x64.ActiveCfg = Debug|Any CPU
		{6437E822-4AB5-4B06-AD62-4910A8DC0819}.Debug|x64.Build.0 = Debug|Any CPU
		{6437E822-4AB5-4B06-AD62-4910A8DC0819}.Debug|x86.ActiveCfg = Debug|Any CPU
		{6437E822-4AB5-4B06-AD62-4910A8DC0819}.Debug|x86.Build.0 = Debug|Any CPU
		{6437E822-4AB5-4B06-AD62-4910A8DC0819}.Release|Any CPU.ActiveCfg = Release|Any CPU
		{6437E822-4AB5-4B06-AD62-4910A8DC0819}.Release|Any CPU.Build.0 = Release|Any CPU
		{6437E822-4AB5-4B06-AD62-4910A8DC0819}.Release|x64.ActiveCfg = Release|Any CPU
		{6437E822-4AB5-4B06-AD62-4910A8DC0819}.Release|x64.Build.0 = Release|Any CPU
		{6437E822-4AB5-4B06-AD62-4910A8DC0819}.Release|x86.ActiveCfg = Release|Any CPU
		{6437E822-4AB5-4B06-AD62-4910A8DC0819}.Release|x86.Build.0 = Release|Any CPU
		{7098BF84-527E-4898-A2E5-4B3F67AB4DE0}.Debug|Any CPU.ActiveCfg = Debug|Any CPU
		{7098BF84-527E-4898-A2E5-4B3F67AB4DE0}.Debug|Any CPU.Build.0 = Debug|Any CPU
		{7098BF84-527E-4898-A2E5-4B3F67AB4DE0}.Debug|x64.ActiveCfg = Debug|Any CPU
		{7098BF84-527E-4898-A2E5-4B3F67AB4DE0}.Debug|x64.Build.0 = Debug|Any CPU
		{7098BF84-527E-4898-A2E5-4B3F67AB4DE0}.Debug|x86.ActiveCfg = Debug|Any CPU
		{7098BF84-527E-4898-A2E5-4B3F67AB4DE0}.Debug|x86.Build.0 = Debug|Any CPU
		{7098BF84-527E-4898-A2E5-4B3F67AB4DE0}.Release|Any CPU.ActiveCfg = Release|Any CPU
		{7098BF84-527E-4898-A2E5-4B3F67AB4DE0}.Release|Any CPU.Build.0 = Release|Any CPU
		{7098BF84-527E-4898-A2E5-4B3F67AB4DE0}.Release|x64.ActiveCfg = Release|Any CPU
		{7098BF84-527E-4898-A2E5-4B3F67AB4DE0}.Release|x64.Build.0 = Release|Any CPU
		{7098BF84-527E-4898-A2E5-4B3F67AB4DE0}.Release|x86.ActiveCfg = Release|Any CPU
		{7098BF84-527E-4898-A2E5-4B3F67AB4DE0}.Release|x86.Build.0 = Release|Any CPU
		{A0ADDFF3-8C66-4558-8EDD-C84BE37015C3}.Debug|Any CPU.ActiveCfg = Debug|Any CPU
		{A0ADDFF3-8C66-4558-8EDD-C84BE37015C3}.Debug|Any CPU.Build.0 = Debug|Any CPU
		{A0ADDFF3-8C66-4558-8EDD-C84BE37015C3}.Debug|x64.ActiveCfg = Debug|Any CPU
		{A0ADDFF3-8C66-4558-8EDD-C84BE37015C3}.Debug|x64.Build.0 = Debug|Any CPU
		{A0ADDFF3-8C66-4558-8EDD-C84BE37015C3}.Debug|x86.ActiveCfg = Debug|Any CPU
		{A0ADDFF3-8C66-4558-8EDD-C84BE37015C3}.Debug|x86.Build.0 = Debug|Any CPU
		{A0ADDFF3-8C66-4558-8EDD-C84BE37015C3}.Release|Any CPU.ActiveCfg = Release|Any CPU
		{A0ADDFF3-8C66-4558-8EDD-C84BE37015C3}.Release|Any CPU.Build.0 = Release|Any CPU
		{A0ADDFF3-8C66-4558-8EDD-C84BE37015C3}.Release|x64.ActiveCfg = Release|Any CPU
		{A0ADDFF3-8C66-4558-8EDD-C84BE37015C3}.Release|x64.Build.0 = Release|Any CPU
		{A0ADDFF3-8C66-4558-8EDD-C84BE37015C3}.Release|x86.ActiveCfg = Release|Any CPU
		{A0ADDFF3-8C66-4558-8EDD-C84BE37015C3}.Release|x86.Build.0 = Release|Any CPU
		{E7186949-D1A1-49B5-8B70-EC6A28E92036}.Debug|Any CPU.ActiveCfg = Debug|Any CPU
		{E7186949-D1A1-49B5-8B70-EC6A28E92036}.Debug|Any CPU.Build.0 = Debug|Any CPU
		{E7186949-D1A1-49B5-8B70-EC6A28E92036}.Debug|x64.ActiveCfg = Debug|Any CPU
		{E7186949-D1A1-49B5-8B70-EC6A28E92036}.Debug|x64.Build.0 = Debug|Any CPU
		{E7186949-D1A1-49B5-8B70-EC6A28E92036}.Debug|x86.ActiveCfg = Debug|Any CPU
		{E7186949-D1A1-49B5-8B70-EC6A28E92036}.Debug|x86.Build.0 = Debug|Any CPU
		{E7186949-D1A1-49B5-8B70-EC6A28E92036}.Release|Any CPU.ActiveCfg = Release|Any CPU
		{E7186949-D1A1-49B5-8B70-EC6A28E92036}.Release|Any CPU.Build.0 = Release|Any CPU
		{E7186949-D1A1-49B5-8B70-EC6A28E92036}.Release|x64.ActiveCfg = Release|Any CPU
		{E7186949-D1A1-49B5-8B70-EC6A28E92036}.Release|x64.Build.0 = Release|Any CPU
		{E7186949-D1A1-49B5-8B70-EC6A28E92036}.Release|x86.ActiveCfg = Release|Any CPU
		{E7186949-D1A1-49B5-8B70-EC6A28E92036}.Release|x86.Build.0 = Release|Any CPU
		{A37E1B3D-4018-4F94-BA83-891C81F24995}.Debug|Any CPU.ActiveCfg = Debug|Any CPU
		{A37E1B3D-4018-4F94-BA83-891C81F24995}.Debug|Any CPU.Build.0 = Debug|Any CPU
		{A37E1B3D-4018-4F94-BA83-891C81F24995}.Debug|x64.ActiveCfg = Debug|Any CPU
		{A37E1B3D-4018-4F94-BA83-891C81F24995}.Debug|x64.Build.0 = Debug|Any CPU
		{A37E1B3D-4018-4F94-BA83-891C81F24995}.Debug|x86.ActiveCfg = Debug|Any CPU
		{A37E1B3D-4018-4F94-BA83-891C81F24995}.Debug|x86.Build.0 = Debug|Any CPU
		{A37E1B3D-4018-4F94-BA83-891C81F24995}.Release|Any CPU.ActiveCfg = Release|Any CPU
		{A37E1B3D-4018-4F94-BA83-891C81F24995}.Release|Any CPU.Build.0 = Release|Any CPU
		{A37E1B3D-4018-4F94-BA83-891C81F24995}.Release|x64.ActiveCfg = Release|Any CPU
		{A37E1B3D-4018-4F94-BA83-891C81F24995}.Release|x64.Build.0 = Release|Any CPU
		{A37E1B3D-4018-4F94-BA83-891C81F24995}.Release|x86.ActiveCfg = Release|Any CPU
		{A37E1B3D-4018-4F94-BA83-891C81F24995}.Release|x86.Build.0 = Release|Any CPU
		{D4954F31-EA01-4E30-B442-91A348162068}.Debug|Any CPU.ActiveCfg = Debug|Any CPU
		{D4954F31-EA01-4E30-B442-91A348162068}.Debug|Any CPU.Build.0 = Debug|Any CPU
		{D4954F31-EA01-4E30-B442-91A348162068}.Debug|x64.ActiveCfg = Debug|Any CPU
		{D4954F31-EA01-4E30-B442-91A348162068}.Debug|x64.Build.0 = Debug|Any CPU
		{D4954F31-EA01-4E30-B442-91A348162068}.Debug|x86.ActiveCfg = Debug|Any CPU
		{D4954F31-EA01-4E30-B442-91A348162068}.Debug|x86.Build.0 = Debug|Any CPU
		{D4954F31-EA01-4E30-B442-91A348162068}.Release|Any CPU.ActiveCfg = Release|Any CPU
		{D4954F31-EA01-4E30-B442-91A348162068}.Release|Any CPU.Build.0 = Release|Any CPU
		{D4954F31-EA01-4E30-B442-91A348162068}.Release|x64.ActiveCfg = Release|Any CPU
		{D4954F31-EA01-4E30-B442-91A348162068}.Release|x64.Build.0 = Release|Any CPU
		{D4954F31-EA01-4E30-B442-91A348162068}.Release|x86.ActiveCfg = Release|Any CPU
		{D4954F31-EA01-4E30-B442-91A348162068}.Release|x86.Build.0 = Release|Any CPU
		{7F694086-8A7C-427A-8D07-9DB8A6BFC397}.Debug|Any CPU.ActiveCfg = Debug|Any CPU
		{7F694086-8A7C-427A-8D07-9DB8A6BFC397}.Debug|Any CPU.Build.0 = Debug|Any CPU
		{7F694086-8A7C-427A-8D07-9DB8A6BFC397}.Debug|x64.ActiveCfg = Debug|Any CPU
		{7F694086-8A7C-427A-8D07-9DB8A6BFC397}.Debug|x64.Build.0 = Debug|Any CPU
		{7F694086-8A7C-427A-8D07-9DB8A6BFC397}.Debug|x86.ActiveCfg = Debug|Any CPU
		{7F694086-8A7C-427A-8D07-9DB8A6BFC397}.Debug|x86.Build.0 = Debug|Any CPU
		{7F694086-8A7C-427A-8D07-9DB8A6BFC397}.Release|Any CPU.ActiveCfg = Release|Any CPU
		{7F694086-8A7C-427A-8D07-9DB8A6BFC397}.Release|Any CPU.Build.0 = Release|Any CPU
		{7F694086-8A7C-427A-8D07-9DB8A6BFC397}.Release|x64.ActiveCfg = Release|Any CPU
		{7F694086-8A7C-427A-8D07-9DB8A6BFC397}.Release|x64.Build.0 = Release|Any CPU
		{7F694086-8A7C-427A-8D07-9DB8A6BFC397}.Release|x86.ActiveCfg = Release|Any CPU
		{7F694086-8A7C-427A-8D07-9DB8A6BFC397}.Release|x86.Build.0 = Release|Any CPU
		{344988B6-BC9A-4A4D-ACEB-E0BFE5BE60F5}.Debug|Any CPU.ActiveCfg = Debug|Any CPU
		{344988B6-BC9A-4A4D-ACEB-E0BFE5BE60F5}.Debug|Any CPU.Build.0 = Debug|Any CPU
		{344988B6-BC9A-4A4D-ACEB-E0BFE5BE60F5}.Debug|x64.ActiveCfg = Debug|Any CPU
		{344988B6-BC9A-4A4D-ACEB-E0BFE5BE60F5}.Debug|x64.Build.0 = Debug|Any CPU
		{344988B6-BC9A-4A4D-ACEB-E0BFE5BE60F5}.Debug|x86.ActiveCfg = Debug|Any CPU
		{344988B6-BC9A-4A4D-ACEB-E0BFE5BE60F5}.Debug|x86.Build.0 = Debug|Any CPU
		{344988B6-BC9A-4A4D-ACEB-E0BFE5BE60F5}.Release|Any CPU.ActiveCfg = Release|Any CPU
		{344988B6-BC9A-4A4D-ACEB-E0BFE5BE60F5}.Release|Any CPU.Build.0 = Release|Any CPU
		{344988B6-BC9A-4A4D-ACEB-E0BFE5BE60F5}.Release|x64.ActiveCfg = Release|Any CPU
		{344988B6-BC9A-4A4D-ACEB-E0BFE5BE60F5}.Release|x64.Build.0 = Release|Any CPU
		{344988B6-BC9A-4A4D-ACEB-E0BFE5BE60F5}.Release|x86.ActiveCfg = Release|Any CPU
		{344988B6-BC9A-4A4D-ACEB-E0BFE5BE60F5}.Release|x86.Build.0 = Release|Any CPU
		{A6162943-2266-4B2F-B069-1869AFCBCE7D}.Debug|Any CPU.ActiveCfg = Debug|Any CPU
		{A6162943-2266-4B2F-B069-1869AFCBCE7D}.Debug|Any CPU.Build.0 = Debug|Any CPU
		{A6162943-2266-4B2F-B069-1869AFCBCE7D}.Debug|x64.ActiveCfg = Debug|Any CPU
		{A6162943-2266-4B2F-B069-1869AFCBCE7D}.Debug|x64.Build.0 = Debug|Any CPU
		{A6162943-2266-4B2F-B069-1869AFCBCE7D}.Debug|x86.ActiveCfg = Debug|Any CPU
		{A6162943-2266-4B2F-B069-1869AFCBCE7D}.Debug|x86.Build.0 = Debug|Any CPU
		{A6162943-2266-4B2F-B069-1869AFCBCE7D}.Release|Any CPU.ActiveCfg = Release|Any CPU
		{A6162943-2266-4B2F-B069-1869AFCBCE7D}.Release|Any CPU.Build.0 = Release|Any CPU
		{A6162943-2266-4B2F-B069-1869AFCBCE7D}.Release|x64.ActiveCfg = Release|Any CPU
		{A6162943-2266-4B2F-B069-1869AFCBCE7D}.Release|x64.Build.0 = Release|Any CPU
		{A6162943-2266-4B2F-B069-1869AFCBCE7D}.Release|x86.ActiveCfg = Release|Any CPU
		{A6162943-2266-4B2F-B069-1869AFCBCE7D}.Release|x86.Build.0 = Release|Any CPU
		{91D3FEB3-8C06-41E2-8FF2-42293B4CB69B}.Debug|Any CPU.ActiveCfg = Debug|Any CPU
		{91D3FEB3-8C06-41E2-8FF2-42293B4CB69B}.Debug|Any CPU.Build.0 = Debug|Any CPU
		{91D3FEB3-8C06-41E2-8FF2-42293B4CB69B}.Debug|x64.ActiveCfg = Debug|Any CPU
		{91D3FEB3-8C06-41E2-8FF2-42293B4CB69B}.Debug|x64.Build.0 = Debug|Any CPU
		{91D3FEB3-8C06-41E2-8FF2-42293B4CB69B}.Debug|x86.ActiveCfg = Debug|Any CPU
		{91D3FEB3-8C06-41E2-8FF2-42293B4CB69B}.Debug|x86.Build.0 = Debug|Any CPU
		{91D3FEB3-8C06-41E2-8FF2-42293B4CB69B}.Release|Any CPU.ActiveCfg = Release|Any CPU
		{91D3FEB3-8C06-41E2-8FF2-42293B4CB69B}.Release|Any CPU.Build.0 = Release|Any CPU
		{91D3FEB3-8C06-41E2-8FF2-42293B4CB69B}.Release|x64.ActiveCfg = Release|Any CPU
		{91D3FEB3-8C06-41E2-8FF2-42293B4CB69B}.Release|x64.Build.0 = Release|Any CPU
		{91D3FEB3-8C06-41E2-8FF2-42293B4CB69B}.Release|x86.ActiveCfg = Release|Any CPU
		{91D3FEB3-8C06-41E2-8FF2-42293B4CB69B}.Release|x86.Build.0 = Release|Any CPU
		{1D61EB93-D664-4527-90BF-C60C07C6C651}.Debug|Any CPU.ActiveCfg = Debug|Any CPU
		{1D61EB93-D664-4527-90BF-C60C07C6C651}.Debug|Any CPU.Build.0 = Debug|Any CPU
		{1D61EB93-D664-4527-90BF-C60C07C6C651}.Debug|x64.ActiveCfg = Debug|Any CPU
		{1D61EB93-D664-4527-90BF-C60C07C6C651}.Debug|x64.Build.0 = Debug|Any CPU
		{1D61EB93-D664-4527-90BF-C60C07C6C651}.Debug|x86.ActiveCfg = Debug|Any CPU
		{1D61EB93-D664-4527-90BF-C60C07C6C651}.Debug|x86.Build.0 = Debug|Any CPU
		{1D61EB93-D664-4527-90BF-C60C07C6C651}.Release|Any CPU.ActiveCfg = Release|Any CPU
		{1D61EB93-D664-4527-90BF-C60C07C6C651}.Release|Any CPU.Build.0 = Release|Any CPU
		{1D61EB93-D664-4527-90BF-C60C07C6C651}.Release|x64.ActiveCfg = Release|Any CPU
		{1D61EB93-D664-4527-90BF-C60C07C6C651}.Release|x64.Build.0 = Release|Any CPU
		{1D61EB93-D664-4527-90BF-C60C07C6C651}.Release|x86.ActiveCfg = Release|Any CPU
		{1D61EB93-D664-4527-90BF-C60C07C6C651}.Release|x86.Build.0 = Release|Any CPU
		{96F2C74B-FAC4-47F1-B0A3-C9B9814C0DA0}.Debug|Any CPU.ActiveCfg = Debug|Any CPU
		{96F2C74B-FAC4-47F1-B0A3-C9B9814C0DA0}.Debug|Any CPU.Build.0 = Debug|Any CPU
		{96F2C74B-FAC4-47F1-B0A3-C9B9814C0DA0}.Debug|x64.ActiveCfg = Debug|Any CPU
		{96F2C74B-FAC4-47F1-B0A3-C9B9814C0DA0}.Debug|x64.Build.0 = Debug|Any CPU
		{96F2C74B-FAC4-47F1-B0A3-C9B9814C0DA0}.Debug|x86.ActiveCfg = Debug|Any CPU
		{96F2C74B-FAC4-47F1-B0A3-C9B9814C0DA0}.Debug|x86.Build.0 = Debug|Any CPU
		{96F2C74B-FAC4-47F1-B0A3-C9B9814C0DA0}.Release|Any CPU.ActiveCfg = Release|Any CPU
		{96F2C74B-FAC4-47F1-B0A3-C9B9814C0DA0}.Release|Any CPU.Build.0 = Release|Any CPU
		{96F2C74B-FAC4-47F1-B0A3-C9B9814C0DA0}.Release|x64.ActiveCfg = Release|Any CPU
		{96F2C74B-FAC4-47F1-B0A3-C9B9814C0DA0}.Release|x64.Build.0 = Release|Any CPU
		{96F2C74B-FAC4-47F1-B0A3-C9B9814C0DA0}.Release|x86.ActiveCfg = Release|Any CPU
		{96F2C74B-FAC4-47F1-B0A3-C9B9814C0DA0}.Release|x86.Build.0 = Release|Any CPU
		{2D3BC454-2C30-43FA-8E9E-9E2B13415123}.Debug|Any CPU.ActiveCfg = Debug|Any CPU
		{2D3BC454-2C30-43FA-8E9E-9E2B13415123}.Debug|Any CPU.Build.0 = Debug|Any CPU
		{2D3BC454-2C30-43FA-8E9E-9E2B13415123}.Debug|x64.ActiveCfg = Debug|Any CPU
		{2D3BC454-2C30-43FA-8E9E-9E2B13415123}.Debug|x64.Build.0 = Debug|Any CPU
		{2D3BC454-2C30-43FA-8E9E-9E2B13415123}.Debug|x86.ActiveCfg = Debug|Any CPU
		{2D3BC454-2C30-43FA-8E9E-9E2B13415123}.Debug|x86.Build.0 = Debug|Any CPU
		{2D3BC454-2C30-43FA-8E9E-9E2B13415123}.Release|Any CPU.ActiveCfg = Release|Any CPU
		{2D3BC454-2C30-43FA-8E9E-9E2B13415123}.Release|Any CPU.Build.0 = Release|Any CPU
		{2D3BC454-2C30-43FA-8E9E-9E2B13415123}.Release|x64.ActiveCfg = Release|Any CPU
		{2D3BC454-2C30-43FA-8E9E-9E2B13415123}.Release|x64.Build.0 = Release|Any CPU
		{2D3BC454-2C30-43FA-8E9E-9E2B13415123}.Release|x86.ActiveCfg = Release|Any CPU
		{2D3BC454-2C30-43FA-8E9E-9E2B13415123}.Release|x86.Build.0 = Release|Any CPU
		{E53A8A40-D1DD-4065-A09C-F0EA46635C13}.Debug|Any CPU.ActiveCfg = Debug|Any CPU
		{E53A8A40-D1DD-4065-A09C-F0EA46635C13}.Debug|Any CPU.Build.0 = Debug|Any CPU
		{E53A8A40-D1DD-4065-A09C-F0EA46635C13}.Debug|x64.ActiveCfg = Debug|Any CPU
		{E53A8A40-D1DD-4065-A09C-F0EA46635C13}.Debug|x64.Build.0 = Debug|Any CPU
		{E53A8A40-D1DD-4065-A09C-F0EA46635C13}.Debug|x86.ActiveCfg = Debug|Any CPU
		{E53A8A40-D1DD-4065-A09C-F0EA46635C13}.Debug|x86.Build.0 = Debug|Any CPU
		{E53A8A40-D1DD-4065-A09C-F0EA46635C13}.Release|Any CPU.ActiveCfg = Release|Any CPU
		{E53A8A40-D1DD-4065-A09C-F0EA46635C13}.Release|Any CPU.Build.0 = Release|Any CPU
		{E53A8A40-D1DD-4065-A09C-F0EA46635C13}.Release|x64.ActiveCfg = Release|Any CPU
		{E53A8A40-D1DD-4065-A09C-F0EA46635C13}.Release|x64.Build.0 = Release|Any CPU
		{E53A8A40-D1DD-4065-A09C-F0EA46635C13}.Release|x86.ActiveCfg = Release|Any CPU
		{E53A8A40-D1DD-4065-A09C-F0EA46635C13}.Release|x86.Build.0 = Release|Any CPU
	EndGlobalSection
	GlobalSection(NestedProjects) = preSolution
		{179092A6-D295-4208-B629-C15DBCD62BAE} = {C3207862-A125-40F9-9B9A-843A5146F4A8}
		{6437E822-4AB5-4B06-AD62-4910A8DC0819} = {C3207862-A125-40F9-9B9A-843A5146F4A8}
		{7098BF84-527E-4898-A2E5-4B3F67AB4DE0} = {AED233F5-9FF5-47AD-9B94-EACFE19D262B}
		{A0ADDFF3-8C66-4558-8EDD-C84BE37015C3} = {AED233F5-9FF5-47AD-9B94-EACFE19D262B}
		{E7186949-D1A1-49B5-8B70-EC6A28E92036} = {AED233F5-9FF5-47AD-9B94-EACFE19D262B}
		{A37E1B3D-4018-4F94-BA83-891C81F24995} = {AED233F5-9FF5-47AD-9B94-EACFE19D262B}
		{D4954F31-EA01-4E30-B442-91A348162068} = {AED233F5-9FF5-47AD-9B94-EACFE19D262B}
		{7F694086-8A7C-427A-8D07-9DB8A6BFC397} = {AED233F5-9FF5-47AD-9B94-EACFE19D262B}
		{344988B6-BC9A-4A4D-ACEB-E0BFE5BE60F5} = {49ED2462-3024-4540-8D21-96E3311D4789}
		{A6162943-2266-4B2F-B069-1869AFCBCE7D} = {C3207862-A125-40F9-9B9A-843A5146F4A8}
		{91D3FEB3-8C06-41E2-8FF2-42293B4CB69B} = {C3207862-A125-40F9-9B9A-843A5146F4A8}
		{1D61EB93-D664-4527-90BF-C60C07C6C651} = {C3207862-A125-40F9-9B9A-843A5146F4A8}
		{96F2C74B-FAC4-47F1-B0A3-C9B9814C0DA0} = {C3207862-A125-40F9-9B9A-843A5146F4A8}
		{2D3BC454-2C30-43FA-8E9E-9E2B13415123} = {AED233F5-9FF5-47AD-9B94-EACFE19D262B}
		{E53A8A40-D1DD-4065-A09C-F0EA46635C13} = {AED233F5-9FF5-47AD-9B94-EACFE19D262B}
	EndGlobalSection
EndGlobal
